
Microsoft Visual Studio Solution File, Format Version 12.00
# Visual Studio Version 17
VisualStudioVersion = 17.13.35825.156 d17.13
MinimumVisualStudioVersion = 10.0.40219.1
Project("{FAE04EC0-301F-11D3-BF4B-00C04F79EFBC}") = "Ecommerce.API", "Ecommerce.API\Ecommerce.API.csproj", "{146291DB-EE94-431E-91DD-649970AD46EF}"
EndProject
Global
	GlobalSection(SolutionConfigurationPlatforms) = preSolution
		Debug|Any CPU = Debug|Any CPU
		Release|Any CPU = Release|Any CPU
	EndGlobalSection
	GlobalSection(ProjectConfigurationPlatforms) = postSolution
		{146291DB-EE94-431E-91DD-649970AD46EF}.Debug|Any CPU.ActiveCfg = Debug|Any CPU
		{146291DB-EE94-431E-91DD-649970AD46EF}.Debug|Any CPU.Build.0 = Debug|Any CPU
		{146291DB-EE94-431E-91DD-649970AD46EF}.Release|Any CPU.ActiveCfg = Release|Any CPU
		{146291DB-EE94-431E-91DD-649970AD46EF}.Release|Any CPU.Build.0 = Release|Any CPU
	EndGlobalSection
	GlobalSection(SolutionProperties) = preSolution
		HideSolutionNode = FALSE
	EndGlobalSection
	GlobalSection(ExtensibilityGlobals) = postSolution
		SolutionGuid = {06D28E87-B773-474F-92D5-F7F41653CB25}
	EndGlobalSection
EndGlobal
